
Microsoft Visual Studio Solution File, Format Version 11.00
# Visual Studio 2010
Project("{FAE04EC0-301F-11D3-BF4B-00C04F79EFBC}") = "Computational Geometry", "Computational Geometry.csproj", "{58BDCB20-A82F-4024-A33E-001C8514DBEB}"
EndProject
Project("{FAE04EC0-301F-11D3-BF4B-00C04F79EFBC}") = "NetTrace", "..\NetTrace\NetTrace.csproj", "{62C8D16E-5912-48A0-8C89-B78668ABCC9A}"
EndProject
Project("{FAE04EC0-301F-11D3-BF4B-00C04F79EFBC}") = "FortuneTest", "FortuneTest\FortuneTest.csproj", "{08A5E1F3-2CD7-4B5D-9D78-9C08F6EF0340}"
EndProject
Global
	GlobalSection(SolutionConfigurationPlatforms) = preSolution
		Debug|Any CPU = Debug|Any CPU
		Release|Any CPU = Release|Any CPU
	EndGlobalSection
	GlobalSection(ProjectConfigurationPlatforms) = postSolution
		{58BDCB20-A82F-4024-A33E-001C8514DBEB}.Debug|Any CPU.ActiveCfg = Debug|Any CPU
		{58BDCB20-A82F-4024-A33E-001C8514DBEB}.Debug|Any CPU.Build.0 = Debug|Any CPU
		{58BDCB20-A82F-4024-A33E-001C8514DBEB}.Release|Any CPU.ActiveCfg = Release|Any CPU
		{58BDCB20-A82F-4024-A33E-001C8514DBEB}.Release|Any CPU.Build.0 = Release|Any CPU
		{62C8D16E-5912-48A0-8C89-B78668ABCC9A}.Debug|Any CPU.ActiveCfg = Debug|Any CPU
		{62C8D16E-5912-48A0-8C89-B78668ABCC9A}.Debug|Any CPU.Build.0 = Debug|Any CPU
		{62C8D16E-5912-48A0-8C89-B78668ABCC9A}.Release|Any CPU.ActiveCfg = Release|Any CPU
		{62C8D16E-5912-48A0-8C89-B78668ABCC9A}.Release|Any CPU.Build.0 = Release|Any CPU
		{08A5E1F3-2CD7-4B5D-9D78-9C08F6EF0340}.Debug|Any CPU.ActiveCfg = Debug|Any CPU
		{08A5E1F3-2CD7-4B5D-9D78-9C08F6EF0340}.Debug|Any CPU.Build.0 = Debug|Any CPU
		{08A5E1F3-2CD7-4B5D-9D78-9C08F6EF0340}.Release|Any CPU.ActiveCfg = Release|Any CPU
		{08A5E1F3-2CD7-4B5D-9D78-9C08F6EF0340}.Release|Any CPU.Build.0 = Release|Any CPU
	EndGlobalSection
	GlobalSection(SolutionProperties) = preSolution
		HideSolutionNode = FALSE
	EndGlobalSection
	GlobalSection(ExtensibilityGlobals) = postSolution
		VisualSVNWorkingCopyRoot = .
	EndGlobalSection
EndGlobal
