
Microsoft Visual Studio Solution File, Format Version 11.00
# Visual Studio 2010
Project("{FAE04EC0-301F-11D3-BF4B-00C04F79EFBC}") = "Computational Geometry", "Computational Geometry.csproj", "{58BDCB20-A82F-4024-A33E-001C8514DBEB}"
EndProject
Project("{FAE04EC0-301F-11D3-BF4B-00C04F79EFBC}") = "FortuneTest", "FortuneTest\FortuneTest.csproj", "{08A5E1F3-2CD7-4B5D-9D78-9C08F6EF0340}"
EndProject
Project("{FAE04EC0-301F-11D3-BF4B-00C04F79EFBC}") = "WpfTest", "WpfTest\WpfTest.csproj", "{DF604268-7327-4DC5-B36C-535B751A079E}"
EndProject
Project("{FAE04EC0-301F-11D3-BF4B-00C04F79EFBC}") = "Tesselation", "Tesselation\Tesselation.csproj", "{CAE4CCC8-6627-4A60-A3EF-2A9DB6088228}"
EndProject
Global
	GlobalSection(SolutionConfigurationPlatforms) = preSolution
		Debug|Any CPU = Debug|Any CPU
		Debug|Mixed Platforms = Debug|Mixed Platforms
		Debug|x86 = Debug|x86
		Release|Any CPU = Release|Any CPU
		Release|Mixed Platforms = Release|Mixed Platforms
		Release|x86 = Release|x86
	EndGlobalSection
	GlobalSection(ProjectConfigurationPlatforms) = postSolution
		{58BDCB20-A82F-4024-A33E-001C8514DBEB}.Debug|Any CPU.ActiveCfg = Debug|Any CPU
		{58BDCB20-A82F-4024-A33E-001C8514DBEB}.Debug|Any CPU.Build.0 = Debug|Any CPU
		{58BDCB20-A82F-4024-A33E-001C8514DBEB}.Debug|Mixed Platforms.ActiveCfg = Debug|Any CPU
		{58BDCB20-A82F-4024-A33E-001C8514DBEB}.Debug|Mixed Platforms.Build.0 = Debug|Any CPU
		{58BDCB20-A82F-4024-A33E-001C8514DBEB}.Debug|x86.ActiveCfg = Debug|Any CPU
		{58BDCB20-A82F-4024-A33E-001C8514DBEB}.Release|Any CPU.ActiveCfg = Release|Any CPU
		{58BDCB20-A82F-4024-A33E-001C8514DBEB}.Release|Any CPU.Build.0 = Release|Any CPU
		{58BDCB20-A82F-4024-A33E-001C8514DBEB}.Release|Mixed Platforms.ActiveCfg = Release|Any CPU
		{58BDCB20-A82F-4024-A33E-001C8514DBEB}.Release|Mixed Platforms.Build.0 = Release|Any CPU
		{58BDCB20-A82F-4024-A33E-001C8514DBEB}.Release|x86.ActiveCfg = Release|Any CPU
		{08A5E1F3-2CD7-4B5D-9D78-9C08F6EF0340}.Debug|Any CPU.ActiveCfg = Debug|Any CPU
		{08A5E1F3-2CD7-4B5D-9D78-9C08F6EF0340}.Debug|Any CPU.Build.0 = Debug|Any CPU
		{08A5E1F3-2CD7-4B5D-9D78-9C08F6EF0340}.Debug|Mixed Platforms.ActiveCfg = Debug|Any CPU
		{08A5E1F3-2CD7-4B5D-9D78-9C08F6EF0340}.Debug|Mixed Platforms.Build.0 = Debug|Any CPU
		{08A5E1F3-2CD7-4B5D-9D78-9C08F6EF0340}.Debug|x86.ActiveCfg = Debug|Any CPU
		{08A5E1F3-2CD7-4B5D-9D78-9C08F6EF0340}.Release|Any CPU.ActiveCfg = Release|Any CPU
		{08A5E1F3-2CD7-4B5D-9D78-9C08F6EF0340}.Release|Any CPU.Build.0 = Release|Any CPU
		{08A5E1F3-2CD7-4B5D-9D78-9C08F6EF0340}.Release|Mixed Platforms.ActiveCfg = Release|Any CPU
		{08A5E1F3-2CD7-4B5D-9D78-9C08F6EF0340}.Release|Mixed Platforms.Build.0 = Release|Any CPU
		{08A5E1F3-2CD7-4B5D-9D78-9C08F6EF0340}.Release|x86.ActiveCfg = Release|Any CPU
		{DF604268-7327-4DC5-B36C-535B751A079E}.Debug|Any CPU.ActiveCfg = Debug|x86
		{DF604268-7327-4DC5-B36C-535B751A079E}.Debug|Mixed Platforms.ActiveCfg = Debug|x86
		{DF604268-7327-4DC5-B36C-535B751A079E}.Debug|Mixed Platforms.Build.0 = Debug|x86
		{DF604268-7327-4DC5-B36C-535B751A079E}.Debug|x86.ActiveCfg = Debug|x86
		{DF604268-7327-4DC5-B36C-535B751A079E}.Debug|x86.Build.0 = Debug|x86
		{DF604268-7327-4DC5-B36C-535B751A079E}.Release|Any CPU.ActiveCfg = Release|x86
		{DF604268-7327-4DC5-B36C-535B751A079E}.Release|Mixed Platforms.ActiveCfg = Release|x86
		{DF604268-7327-4DC5-B36C-535B751A079E}.Release|Mixed Platforms.Build.0 = Release|x86
		{DF604268-7327-4DC5-B36C-535B751A079E}.Release|x86.ActiveCfg = Release|x86
		{DF604268-7327-4DC5-B36C-535B751A079E}.Release|x86.Build.0 = Release|x86
		{CAE4CCC8-6627-4A60-A3EF-2A9DB6088228}.Debug|Any CPU.ActiveCfg = Debug|x86
		{CAE4CCC8-6627-4A60-A3EF-2A9DB6088228}.Debug|Mixed Platforms.ActiveCfg = Debug|x86
		{CAE4CCC8-6627-4A60-A3EF-2A9DB6088228}.Debug|Mixed Platforms.Build.0 = Debug|x86
		{CAE4CCC8-6627-4A60-A3EF-2A9DB6088228}.Debug|x86.ActiveCfg = Debug|x86
		{CAE4CCC8-6627-4A60-A3EF-2A9DB6088228}.Debug|x86.Build.0 = Debug|x86
		{CAE4CCC8-6627-4A60-A3EF-2A9DB6088228}.Release|Any CPU.ActiveCfg = Release|x86
		{CAE4CCC8-6627-4A60-A3EF-2A9DB6088228}.Release|Mixed Platforms.ActiveCfg = Release|x86
		{CAE4CCC8-6627-4A60-A3EF-2A9DB6088228}.Release|Mixed Platforms.Build.0 = Release|x86
		{CAE4CCC8-6627-4A60-A3EF-2A9DB6088228}.Release|x86.ActiveCfg = Release|x86
		{CAE4CCC8-6627-4A60-A3EF-2A9DB6088228}.Release|x86.Build.0 = Release|x86
	EndGlobalSection
	GlobalSection(SolutionProperties) = preSolution
		HideSolutionNode = FALSE
	EndGlobalSection
	GlobalSection(ExtensibilityGlobals) = postSolution
		VisualSVNWorkingCopyRoot = .
	EndGlobalSection
EndGlobal
